
Microsoft Visual Studio Solution File, Format Version 12.00
# Visual Studio Version 17
VisualStudioVersion = 17.8.34322.80
MinimumVisualStudioVersion = 10.0.40219.1
Project("{FAE04EC0-301F-11D3-BF4B-00C04F79EFBC}") = "1's, 0's and wildcards", "1's, 0's and wildcards\1's, 0's and wildcards.csproj", "{B15F84E3-9306-4BA5-9046-9DA89C42F79E}"
EndProject
Project("{2150E333-8FDC-42A3-9474-1A3956D46DE8}") = "5 Kyu", "5 Kyu", "{CD86AFE6-7419-4466-BCEC-2AF2ADB8373A}"
EndProject
Project("{2150E333-8FDC-42A3-9474-1A3956D46DE8}") = "6 Kyu", "6 Kyu", "{B0175E87-E550-4C15-B395-966DD560A678}"
EndProject
Project("{2150E333-8FDC-42A3-9474-1A3956D46DE8}") = "8 Kyu", "8 Kyu", "{2A29AB59-8A12-4EDE-BC30-15304D05E80C}"
EndProject
Project("{FAE04EC0-301F-11D3-BF4B-00C04F79EFBC}") = "7-segment converter", "7-segment converter\7-segment converter.csproj", "{2E4626E8-470C-4C7B-9F91-97262992CD48}"
EndProject
Project("{FAE04EC0-301F-11D3-BF4B-00C04F79EFBC}") = "Calculate Fibonacci return count of digit occurrences", "Calculate Fibonacci return count of digit occurrences\Calculate Fibonacci return count of digit occurrences.csproj", "{D4599A15-2E48-490C-8B9B-F4222AF3FE7A}"
EndProject
Project("{FAE04EC0-301F-11D3-BF4B-00C04F79EFBC}") = "Numbers and its Reversal Having Same Prime Factors", "Numbers and its Reversal Having Same Prime Factors\Numbers and its Reversal Having Same Prime Factors.csproj", "{930B12EF-9A68-41F5-ACA0-DC89F9132B15}"
EndProject
Project("{FAE04EC0-301F-11D3-BF4B-00C04F79EFBC}") = "Weight for weight", "Weight for weight\Weight for weight.csproj", "{AE79B63E-E5F6-4420-9F34-514C88B2F9C3}"
EndProject
Project("{FAE04EC0-301F-11D3-BF4B-00C04F79EFBC}") = "altERnaTIng cAsE--ALTerNAtiNG CaSe", "altERnaTIng cAsE--ALTerNAtiNG CaSe\altERnaTIng cAsE--ALTerNAtiNG CaSe.csproj", "{27CA2AF4-553C-42B4-96E6-C4FDC65C298B}"
EndProject
Project("{FAE04EC0-301F-11D3-BF4B-00C04F79EFBC}") = "Decode the Morse code", "Decode the Morse code\Decode the Morse code.csproj", "{5B17B078-D82B-44BB-AB11-DA0FDA84E433}"
EndProject
Project("{FAE04EC0-301F-11D3-BF4B-00C04F79EFBC}") = "A Needle in the Haystack", "A Needle in the Haystack\A Needle in the Haystack.csproj", "{05B04F42-02FF-46AC-8E20-7F2A58627517}"
EndProject
Project("{FAE04EC0-301F-11D3-BF4B-00C04F79EFBC}") = "Beginner - Lost Without a Map", "Beginner - Lost Without a Map\Beginner - Lost Without a Map.csproj", "{E2E90034-09D9-4C1F-AF48-7B8FC8A33498}"
EndProject
Project("{FAE04EC0-301F-11D3-BF4B-00C04F79EFBC}") = "Calculate average", "Calculate average\Calculate average.csproj", "{F6340723-CDDD-4C5A-A63A-E74669BB87D0}"
EndProject
Project("{FAE04EC0-301F-11D3-BF4B-00C04F79EFBC}") = "Convert a string to an array", "Convert a string to an array\Convert a string to an array.csproj", "{6EAB501D-603D-4D78-A433-C45CC3E225E7}"
EndProject
Project("{FAE04EC0-301F-11D3-BF4B-00C04F79EFBC}") = "DNA to RNA Conversion", "DNA to RNA Conversion\DNA to RNA Conversion.csproj", "{303B78B3-F949-47F5-8885-79691D60161D}"
EndProject
Project("{FAE04EC0-301F-11D3-BF4B-00C04F79EFBC}") = "FakeBinary", "FakeBinary\FakeBinary.csproj", "{9D814940-8CCF-4A65-A0D1-B3771548CFA6}"
EndProject
Project("{FAE04EC0-301F-11D3-BF4B-00C04F79EFBC}") = "MaximumMultiple", "MaximumMultiple\MaximumMultiple.csproj", "{3FBF8350-E01E-4ED3-894C-20C9BA8D7783}"
EndProject
Project("{FAE04EC0-301F-11D3-BF4B-00C04F79EFBC}") = "Opposites Attract", "Opposites Attract\Opposites Attract.csproj", "{89828651-08F0-4C86-A274-2650D7A08FCA}"
EndProject
Project("{FAE04EC0-301F-11D3-BF4B-00C04F79EFBC}") = "Over The Road", "Over The Road\Over The Road.csproj", "{2E577932-D0F3-4A8F-8F3A-6AD0C38830B7}"
EndProject
Project("{FAE04EC0-301F-11D3-BF4B-00C04F79EFBC}") = "Return Negative", "Return Negative\Return Negative.csproj", "{8C84DC42-0D0C-4AAC-9D53-B907A7AC6B12}"
EndProject
Global
	GlobalSection(SolutionConfigurationPlatforms) = preSolution
		Debug|Any CPU = Debug|Any CPU
		Release|Any CPU = Release|Any CPU
	EndGlobalSection
	GlobalSection(ProjectConfigurationPlatforms) = postSolution
		{B15F84E3-9306-4BA5-9046-9DA89C42F79E}.Debug|Any CPU.ActiveCfg = Debug|Any CPU
		{B15F84E3-9306-4BA5-9046-9DA89C42F79E}.Debug|Any CPU.Build.0 = Debug|Any CPU
		{B15F84E3-9306-4BA5-9046-9DA89C42F79E}.Release|Any CPU.ActiveCfg = Release|Any CPU
		{B15F84E3-9306-4BA5-9046-9DA89C42F79E}.Release|Any CPU.Build.0 = Release|Any CPU
		{2E4626E8-470C-4C7B-9F91-97262992CD48}.Debug|Any CPU.ActiveCfg = Debug|Any CPU
		{2E4626E8-470C-4C7B-9F91-97262992CD48}.Debug|Any CPU.Build.0 = Debug|Any CPU
		{2E4626E8-470C-4C7B-9F91-97262992CD48}.Release|Any CPU.ActiveCfg = Release|Any CPU
		{2E4626E8-470C-4C7B-9F91-97262992CD48}.Release|Any CPU.Build.0 = Release|Any CPU
		{D4599A15-2E48-490C-8B9B-F4222AF3FE7A}.Debug|Any CPU.ActiveCfg = Debug|Any CPU
		{D4599A15-2E48-490C-8B9B-F4222AF3FE7A}.Debug|Any CPU.Build.0 = Debug|Any CPU
		{D4599A15-2E48-490C-8B9B-F4222AF3FE7A}.Release|Any CPU.ActiveCfg = Release|Any CPU
		{D4599A15-2E48-490C-8B9B-F4222AF3FE7A}.Release|Any CPU.Build.0 = Release|Any CPU
		{930B12EF-9A68-41F5-ACA0-DC89F9132B15}.Debug|Any CPU.ActiveCfg = Debug|Any CPU
		{930B12EF-9A68-41F5-ACA0-DC89F9132B15}.Debug|Any CPU.Build.0 = Debug|Any CPU
		{930B12EF-9A68-41F5-ACA0-DC89F9132B15}.Release|Any CPU.ActiveCfg = Release|Any CPU
		{930B12EF-9A68-41F5-ACA0-DC89F9132B15}.Release|Any CPU.Build.0 = Release|Any CPU
		{AE79B63E-E5F6-4420-9F34-514C88B2F9C3}.Debug|Any CPU.ActiveCfg = Debug|Any CPU
		{AE79B63E-E5F6-4420-9F34-514C88B2F9C3}.Debug|Any CPU.Build.0 = Debug|Any CPU
		{AE79B63E-E5F6-4420-9F34-514C88B2F9C3}.Release|Any CPU.ActiveCfg = Release|Any CPU
		{AE79B63E-E5F6-4420-9F34-514C88B2F9C3}.Release|Any CPU.Build.0 = Release|Any CPU
		{27CA2AF4-553C-42B4-96E6-C4FDC65C298B}.Debug|Any CPU.ActiveCfg = Debug|Any CPU
		{27CA2AF4-553C-42B4-96E6-C4FDC65C298B}.Debug|Any CPU.Build.0 = Debug|Any CPU
		{27CA2AF4-553C-42B4-96E6-C4FDC65C298B}.Release|Any CPU.ActiveCfg = Release|Any CPU
		{27CA2AF4-553C-42B4-96E6-C4FDC65C298B}.Release|Any CPU.Build.0 = Release|Any CPU
		{5B17B078-D82B-44BB-AB11-DA0FDA84E433}.Debug|Any CPU.ActiveCfg = Debug|Any CPU
		{5B17B078-D82B-44BB-AB11-DA0FDA84E433}.Debug|Any CPU.Build.0 = Debug|Any CPU
		{5B17B078-D82B-44BB-AB11-DA0FDA84E433}.Release|Any CPU.ActiveCfg = Release|Any CPU
		{5B17B078-D82B-44BB-AB11-DA0FDA84E433}.Release|Any CPU.Build.0 = Release|Any CPU
		{05B04F42-02FF-46AC-8E20-7F2A58627517}.Debug|Any CPU.ActiveCfg = Debug|Any CPU
		{05B04F42-02FF-46AC-8E20-7F2A58627517}.Debug|Any CPU.Build.0 = Debug|Any CPU
		{05B04F42-02FF-46AC-8E20-7F2A58627517}.Release|Any CPU.ActiveCfg = Release|Any CPU
		{05B04F42-02FF-46AC-8E20-7F2A58627517}.Release|Any CPU.Build.0 = Release|Any CPU
		{E2E90034-09D9-4C1F-AF48-7B8FC8A33498}.Debug|Any CPU.ActiveCfg = Debug|Any CPU
		{E2E90034-09D9-4C1F-AF48-7B8FC8A33498}.Debug|Any CPU.Build.0 = Debug|Any CPU
		{E2E90034-09D9-4C1F-AF48-7B8FC8A33498}.Release|Any CPU.ActiveCfg = Release|Any CPU
		{E2E90034-09D9-4C1F-AF48-7B8FC8A33498}.Release|Any CPU.Build.0 = Release|Any CPU
		{F6340723-CDDD-4C5A-A63A-E74669BB87D0}.Debug|Any CPU.ActiveCfg = Debug|Any CPU
		{F6340723-CDDD-4C5A-A63A-E74669BB87D0}.Debug|Any CPU.Build.0 = Debug|Any CPU
		{F6340723-CDDD-4C5A-A63A-E74669BB87D0}.Release|Any CPU.ActiveCfg = Release|Any CPU
		{F6340723-CDDD-4C5A-A63A-E74669BB87D0}.Release|Any CPU.Build.0 = Release|Any CPU
		{6EAB501D-603D-4D78-A433-C45CC3E225E7}.Debug|Any CPU.ActiveCfg = Debug|Any CPU
		{6EAB501D-603D-4D78-A433-C45CC3E225E7}.Debug|Any CPU.Build.0 = Debug|Any CPU
		{6EAB501D-603D-4D78-A433-C45CC3E225E7}.Release|Any CPU.ActiveCfg = Release|Any CPU
		{6EAB501D-603D-4D78-A433-C45CC3E225E7}.Release|Any CPU.Build.0 = Release|Any CPU
		{303B78B3-F949-47F5-8885-79691D60161D}.Debug|Any CPU.ActiveCfg = Debug|Any CPU
		{303B78B3-F949-47F5-8885-79691D60161D}.Debug|Any CPU.Build.0 = Debug|Any CPU
		{303B78B3-F949-47F5-8885-79691D60161D}.Release|Any CPU.ActiveCfg = Release|Any CPU
		{303B78B3-F949-47F5-8885-79691D60161D}.Release|Any CPU.Build.0 = Release|Any CPU
		{9D814940-8CCF-4A65-A0D1-B3771548CFA6}.Debug|Any CPU.ActiveCfg = Debug|Any CPU
		{9D814940-8CCF-4A65-A0D1-B3771548CFA6}.Debug|Any CPU.Build.0 = Debug|Any CPU
		{9D814940-8CCF-4A65-A0D1-B3771548CFA6}.Release|Any CPU.ActiveCfg = Release|Any CPU
		{9D814940-8CCF-4A65-A0D1-B3771548CFA6}.Release|Any CPU.Build.0 = Release|Any CPU
		{3FBF8350-E01E-4ED3-894C-20C9BA8D7783}.Debug|Any CPU.ActiveCfg = Debug|Any CPU
		{3FBF8350-E01E-4ED3-894C-20C9BA8D7783}.Debug|Any CPU.Build.0 = Debug|Any CPU
		{3FBF8350-E01E-4ED3-894C-20C9BA8D7783}.Release|Any CPU.ActiveCfg = Release|Any CPU
		{3FBF8350-E01E-4ED3-894C-20C9BA8D7783}.Release|Any CPU.Build.0 = Release|Any CPU
		{89828651-08F0-4C86-A274-2650D7A08FCA}.Debug|Any CPU.ActiveCfg = Debug|Any CPU
		{89828651-08F0-4C86-A274-2650D7A08FCA}.Debug|Any CPU.Build.0 = Debug|Any CPU
		{89828651-08F0-4C86-A274-2650D7A08FCA}.Release|Any CPU.ActiveCfg = Release|Any CPU
		{89828651-08F0-4C86-A274-2650D7A08FCA}.Release|Any CPU.Build.0 = Release|Any CPU
		{2E577932-D0F3-4A8F-8F3A-6AD0C38830B7}.Debug|Any CPU.ActiveCfg = Debug|Any CPU
		{2E577932-D0F3-4A8F-8F3A-6AD0C38830B7}.Debug|Any CPU.Build.0 = Debug|Any CPU
		{2E577932-D0F3-4A8F-8F3A-6AD0C38830B7}.Release|Any CPU.ActiveCfg = Release|Any CPU
		{2E577932-D0F3-4A8F-8F3A-6AD0C38830B7}.Release|Any CPU.Build.0 = Release|Any CPU
		{8C84DC42-0D0C-4AAC-9D53-B907A7AC6B12}.Debug|Any CPU.ActiveCfg = Debug|Any CPU
		{8C84DC42-0D0C-4AAC-9D53-B907A7AC6B12}.Debug|Any CPU.Build.0 = Debug|Any CPU
		{8C84DC42-0D0C-4AAC-9D53-B907A7AC6B12}.Release|Any CPU.ActiveCfg = Release|Any CPU
		{8C84DC42-0D0C-4AAC-9D53-B907A7AC6B12}.Release|Any CPU.Build.0 = Release|Any CPU
	EndGlobalSection
	GlobalSection(SolutionProperties) = preSolution
		HideSolutionNode = FALSE
	EndGlobalSection
	GlobalSection(NestedProjects) = preSolution
		{B15F84E3-9306-4BA5-9046-9DA89C42F79E} = {CD86AFE6-7419-4466-BCEC-2AF2ADB8373A}
		{2E4626E8-470C-4C7B-9F91-97262992CD48} = {CD86AFE6-7419-4466-BCEC-2AF2ADB8373A}
		{D4599A15-2E48-490C-8B9B-F4222AF3FE7A} = {CD86AFE6-7419-4466-BCEC-2AF2ADB8373A}
		{930B12EF-9A68-41F5-ACA0-DC89F9132B15} = {CD86AFE6-7419-4466-BCEC-2AF2ADB8373A}
		{AE79B63E-E5F6-4420-9F34-514C88B2F9C3} = {CD86AFE6-7419-4466-BCEC-2AF2ADB8373A}
		{27CA2AF4-553C-42B4-96E6-C4FDC65C298B} = {B0175E87-E550-4C15-B395-966DD560A678}
		{5B17B078-D82B-44BB-AB11-DA0FDA84E433} = {B0175E87-E550-4C15-B395-966DD560A678}
		{05B04F42-02FF-46AC-8E20-7F2A58627517} = {2A29AB59-8A12-4EDE-BC30-15304D05E80C}
		{E2E90034-09D9-4C1F-AF48-7B8FC8A33498} = {2A29AB59-8A12-4EDE-BC30-15304D05E80C}
		{F6340723-CDDD-4C5A-A63A-E74669BB87D0} = {2A29AB59-8A12-4EDE-BC30-15304D05E80C}
		{6EAB501D-603D-4D78-A433-C45CC3E225E7} = {2A29AB59-8A12-4EDE-BC30-15304D05E80C}
		{303B78B3-F949-47F5-8885-79691D60161D} = {2A29AB59-8A12-4EDE-BC30-15304D05E80C}
		{9D814940-8CCF-4A65-A0D1-B3771548CFA6} = {2A29AB59-8A12-4EDE-BC30-15304D05E80C}
		{3FBF8350-E01E-4ED3-894C-20C9BA8D7783} = {2A29AB59-8A12-4EDE-BC30-15304D05E80C}
		{89828651-08F0-4C86-A274-2650D7A08FCA} = {2A29AB59-8A12-4EDE-BC30-15304D05E80C}
		{2E577932-D0F3-4A8F-8F3A-6AD0C38830B7} = {2A29AB59-8A12-4EDE-BC30-15304D05E80C}
		{8C84DC42-0D0C-4AAC-9D53-B907A7AC6B12} = {2A29AB59-8A12-4EDE-BC30-15304D05E80C}
	EndGlobalSection
	GlobalSection(ExtensibilityGlobals) = postSolution
		SolutionGuid = {00942106-6EB5-4556-8419-3C20DC820195}
	EndGlobalSection
EndGlobal
